<Solution>
  <Project Path="CulinaryBlog.Application/CulinaryBlog.Application.csproj" />
  <Project Path="CulinaryBlog.Domain/CulinaryBlog.Domain.csproj" />
  <Project Path="CulinaryBlog.Infrastructure/CulinaryBlog.Infrastructure.csproj" />
  <Project Path="CulinaryBlog.WebApi/CulinaryBlog.WebApi.csproj" />
</Solution>
